
Microsoft Visual Studio Solution File, Format Version 12.00
# Visual Studio Version 17
VisualStudioVersion = 17.9.34714.143
MinimumVisualStudioVersion = 10.0.40219.1
Project("{FAE04EC0-301F-11D3-BF4B-00C04F79EFBC}") = "MorseConverter", "MorseConverter\MorseConverter.csproj", "{C8D32EF3-0CCE-481E-A286-13F11ECDF015}"
EndProject
Global
	GlobalSection(SolutionConfigurationPlatforms) = preSolution
		Debug|Any CPU = Debug|Any CPU
		Release|Any CPU = Release|Any CPU
	EndGlobalSection
	GlobalSection(ProjectConfigurationPlatforms) = postSolution
		{C8D32EF3-0CCE-481E-A286-13F11ECDF015}.Debug|Any CPU.ActiveCfg = Debug|Any CPU
		{C8D32EF3-0CCE-481E-A286-13F11ECDF015}.Debug|Any CPU.Build.0 = Debug|Any CPU
		{C8D32EF3-0CCE-481E-A286-13F11ECDF015}.Release|Any CPU.ActiveCfg = Release|Any CPU
		{C8D32EF3-0CCE-481E-A286-13F11ECDF015}.Release|Any CPU.Build.0 = Release|Any CPU
	EndGlobalSection
	GlobalSection(SolutionProperties) = preSolution
		HideSolutionNode = FALSE
	EndGlobalSection
	GlobalSection(ExtensibilityGlobals) = postSolution
		SolutionGuid = {BC579386-BF3F-4052-A177-D0F7DB76F72F}
	EndGlobalSection
EndGlobal
